// !$*UTF8*$!
{
	archiveVersion = 1;
	classes = {
	};
	objectVersion = 56;
	objects = {

/* Begin PBXBuildFile section */
		370571672C6E76D400934A54 /* LocationResponse.swift in Sources */ = {isa = PBXBuildFile; fileRef = 370571662C6E76D400934A54 /* LocationResponse.swift */; };
		370571692C6E778400934A54 /* LocationModel.swift in Sources */ = {isa = PBXBuildFile; fileRef = 370571682C6E778400934A54 /* LocationModel.swift */; };
		3705716B2C6E781D00934A54 /* LocationEntity.swift in Sources */ = {isa = PBXBuildFile; fileRef = 3705716A2C6E781D00934A54 /* LocationEntity.swift */; };
		3705716D2C6E794C00934A54 /* CommonRequest.swift in Sources */ = {isa = PBXBuildFile; fileRef = 3705716C2C6E794C00934A54 /* CommonRequest.swift */; };
		3705716F2C6F23CF00934A54 /* BatchData.swift in Sources */ = {isa = PBXBuildFile; fileRef = 3705716E2C6F23CF00934A54 /* BatchData.swift */; };
		370571732C721B0600934A54 /* DeviceInfo.swift in Sources */ = {isa = PBXBuildFile; fileRef = 370571722C721B0600934A54 /* DeviceInfo.swift */; };
		370571782C744B6500934A54 /* README.md in Resources */ = {isa = PBXBuildFile; fileRef = 370571742C744B6500934A54 /* README.md */; };
		370571792C744B6500934A54 /* CHANGELOG.md in Resources */ = {isa = PBXBuildFile; fileRef = 370571752C744B6500934A54 /* CHANGELOG.md */; };
		3705717A2C744B6500934A54 /* LICENSE in Resources */ = {isa = PBXBuildFile; fileRef = 370571762C744B6500934A54 /* LICENSE */; };
		3705717B2C744B6500934A54 /* RiskManager.podspec in Resources */ = {isa = PBXBuildFile; fileRef = 370571772C744B6500934A54 /* RiskManager.podspec */; };
		375477F82C789637006B0619 /* Package.swift in Sources */ = {isa = PBXBuildFile; fileRef = 375477F72C789637006B0619 /* Package.swift */; };
		6D064F4D2C59F0D200ED466C /* NetworkUtils.swift in Sources */ = {isa = PBXBuildFile; fileRef = 6D064F4C2C59F0D200ED466C /* NetworkUtils.swift */; };
		6D064F4F2C59F13200ED466C /* UserPreference.swift in Sources */ = {isa = PBXBuildFile; fileRef = 6D064F4E2C59F13200ED466C /* UserPreference.swift */; };
		6D064F512C59F19C00ED466C /* APIService.swift in Sources */ = {isa = PBXBuildFile; fileRef = 6D064F502C59F19C00ED466C /* APIService.swift */; };
		6D064F532C5B861400ED466C /* AppDelegate.swift in Sources */ = {isa = PBXBuildFile; fileRef = 6D064F522C5B861400ED466C /* AppDelegate.swift */; };
		6D37EB412C748CD500769B05 /* LocationManager.swift in Sources */ = {isa = PBXBuildFile; fileRef = 6D37EB402C748CD500769B05 /* LocationManager.swift */; };
		6D6E99AB2C1321D000B88226 /* DeviceInfoExt.swift in Sources */ = {isa = PBXBuildFile; fileRef = 6D6E99AA2C1321D000B88226 /* DeviceInfoExt.swift */; };
		6D77F5BD2C3436F0009539F6 /* BackgroundTask.swift in Sources */ = {isa = PBXBuildFile; fileRef = 6D77F5BC2C3436F0009539F6 /* BackgroundTask.swift */; };
		6D77F5C12C345CCA009539F6 /* SyncPref.swift in Sources */ = {isa = PBXBuildFile; fileRef = 6D77F5C02C345CCA009539F6 /* SyncPref.swift */; };
		6D970E352C6A016C0021A35E /* ErrorCodes.swift in Sources */ = {isa = PBXBuildFile; fileRef = 6D970E342C6A016C0021A35E /* ErrorCodes.swift */; };
		6D970E382C6B8C720021A35E /* AuthClient.swift in Sources */ = {isa = PBXBuildFile; fileRef = 6D970E372C6B8C720021A35E /* AuthClient.swift */; };
		6D970E3B2C6B8CBE0021A35E /* CommonUtil.swift in Sources */ = {isa = PBXBuildFile; fileRef = 6D970E3A2C6B8CBE0021A35E /* CommonUtil.swift */; };
		6D970E3E2C6B8CFC0021A35E /* RiskManagerError.swift in Sources */ = {isa = PBXBuildFile; fileRef = 6D970E3D2C6B8CFC0021A35E /* RiskManagerError.swift */; };
		6D970E402C6B8D3C0021A35E /* PayloadHelper.swift in Sources */ = {isa = PBXBuildFile; fileRef = 6D970E3F2C6B8D3C0021A35E /* PayloadHelper.swift */; };
		6D970E432C6B8DA60021A35E /* EncryptPayload.swift in Sources */ = {isa = PBXBuildFile; fileRef = 6D970E422C6B8DA60021A35E /* EncryptPayload.swift */; };
		6D970E492C6B8E020021A35E /* CreateUserRequest.swift in Sources */ = {isa = PBXBuildFile; fileRef = 6D970E482C6B8E020021A35E /* CreateUserRequest.swift */; };
		6D970E4C2C6B8E380021A35E /* CreateUserResponse.swift in Sources */ = {isa = PBXBuildFile; fileRef = 6D970E4B2C6B8E380021A35E /* CreateUserResponse.swift */; };
		6D970E4E2C6B8F9D0021A35E /* FlowData.swift in Sources */ = {isa = PBXBuildFile; fileRef = 6D970E4D2C6B8F9D0021A35E /* FlowData.swift */; };
		6D970E502C6B95B50021A35E /* FlowDataPref.swift in Sources */ = {isa = PBXBuildFile; fileRef = 6D970E4F2C6B95B50021A35E /* FlowDataPref.swift */; };
		6D980F562C11912F007525CD /* RiskManager.docc in Sources */ = {isa = PBXBuildFile; fileRef = 6D980F552C11912F007525CD /* RiskManager.docc */; };
		6D980F5C2C11912F007525CD /* RiskManager.framework in Frameworks */ = {isa = PBXBuildFile; fileRef = 6D980F512C11912F007525CD /* RiskManager.framework */; };
		6D980F612C11912F007525CD /* RiskManagerTests.swift in Sources */ = {isa = PBXBuildFile; fileRef = 6D980F602C11912F007525CD /* RiskManagerTests.swift */; };
		6D980F622C11912F007525CD /* RiskManager.h in Headers */ = {isa = PBXBuildFile; fileRef = 6D980F542C11912F007525CD /* RiskManager.h */; settings = {ATTRIBUTES = (Public, ); }; };
		6D980F6E2C1194A6007525CD /* DeviceData.swift in Sources */ = {isa = PBXBuildFile; fileRef = 6D980F6D2C1194A6007525CD /* DeviceData.swift */; };
		6D980F702C119503007525CD /* Constants.swift in Sources */ = {isa = PBXBuildFile; fileRef = 6D980F6F2C119503007525CD /* Constants.swift */; };
		6D980F722C12D322007525CD /* LocationData.swift in Sources */ = {isa = PBXBuildFile; fileRef = 6D980F712C12D322007525CD /* LocationData.swift */; };
		6D9B22E12C132C2700B5F679 /* FinBox.swift in Sources */ = {isa = PBXBuildFile; fileRef = 6D9B22E02C132C2700B5F679 /* FinBox.swift */; };
		6D9B22EA2C132C5B00B5F679 /* FinBoxRiskManagerApp.swift in Sources */ = {isa = PBXBuildFile; fileRef = 6D9B22E92C132C5B00B5F679 /* FinBoxRiskManagerApp.swift */; };
		6D9B22EC2C132C5B00B5F679 /* ContentView.swift in Sources */ = {isa = PBXBuildFile; fileRef = 6D9B22EB2C132C5B00B5F679 /* ContentView.swift */; };
		6D9B22EE2C132C5C00B5F679 /* Assets.xcassets in Resources */ = {isa = PBXBuildFile; fileRef = 6D9B22ED2C132C5C00B5F679 /* Assets.xcassets */; };
		6D9B22F12C132C5C00B5F679 /* Preview Assets.xcassets in Resources */ = {isa = PBXBuildFile; fileRef = 6D9B22F02C132C5C00B5F679 /* Preview Assets.xcassets */; };
		6D9B22FB2C132EC800B5F679 /* RiskManager.framework in Frameworks */ = {isa = PBXBuildFile; fileRef = 6D980F512C11912F007525CD /* RiskManager.framework */; };
		6D9B22FC2C132EC800B5F679 /* RiskManager.framework in Embed Frameworks */ = {isa = PBXBuildFile; fileRef = 6D980F512C11912F007525CD /* RiskManager.framework */; settings = {ATTRIBUTES = (CodeSignOnCopy, RemoveHeadersOnCopy, ); }; };
		6D9B23002C17017C00B5F679 /* LocationManager.swift in Sources */ = {isa = PBXBuildFile; fileRef = 6D9B22FF2C17017C00B5F679 /* LocationManager.swift */; };
/* End PBXBuildFile section */

/* Begin PBXContainerItemProxy section */
		6D980F5D2C11912F007525CD /* PBXContainerItemProxy */ = {
			isa = PBXContainerItemProxy;
			containerPortal = 6D980F482C11912F007525CD /* Project object */;
			proxyType = 1;
			remoteGlobalIDString = 6D980F502C11912F007525CD;
			remoteInfo = RiskManager;
		};
		6D9B22F82C132DDF00B5F679 /* PBXContainerItemProxy */ = {
			isa = PBXContainerItemProxy;
			containerPortal = 6D980F482C11912F007525CD /* Project object */;
			proxyType = 1;
			remoteGlobalIDString = 6D980F502C11912F007525CD;
			remoteInfo = RiskManager;
		};
/* End PBXContainerItemProxy section */

/* Begin PBXCopyFilesBuildPhase section */
		6D9B22FD2C132EC800B5F679 /* Embed Frameworks */ = {
			isa = PBXCopyFilesBuildPhase;
			buildActionMask = 2147483647;
			dstPath = "";
			dstSubfolderSpec = 10;
			files = (
				6D9B22FC2C132EC800B5F679 /* RiskManager.framework in Embed Frameworks */,
			);
			name = "Embed Frameworks";
			runOnlyForDeploymentPostprocessing = 0;
		};
/* End PBXCopyFilesBuildPhase section */

/* Begin PBXFileReference section */
		370571662C6E76D400934A54 /* LocationResponse.swift */ = {isa = PBXFileReference; lastKnownFileType = sourcecode.swift; path = LocationResponse.swift; sourceTree = "<group>"; };
		370571682C6E778400934A54 /* LocationModel.swift */ = {isa = PBXFileReference; lastKnownFileType = sourcecode.swift; path = LocationModel.swift; sourceTree = "<group>"; };
		3705716A2C6E781D00934A54 /* LocationEntity.swift */ = {isa = PBXFileReference; lastKnownFileType = sourcecode.swift; path = LocationEntity.swift; sourceTree = "<group>"; };
		3705716C2C6E794C00934A54 /* CommonRequest.swift */ = {isa = PBXFileReference; lastKnownFileType = sourcecode.swift; path = CommonRequest.swift; sourceTree = "<group>"; };
		3705716E2C6F23CF00934A54 /* BatchData.swift */ = {isa = PBXFileReference; lastKnownFileType = sourcecode.swift; path = BatchData.swift; sourceTree = "<group>"; };
		370571722C721B0600934A54 /* DeviceInfo.swift */ = {isa = PBXFileReference; lastKnownFileType = sourcecode.swift; path = DeviceInfo.swift; sourceTree = "<group>"; };
		370571742C744B6500934A54 /* README.md */ = {isa = PBXFileReference; fileEncoding = 4; lastKnownFileType = net.daringfireball.markdown; path = README.md; sourceTree = "<group>"; };
		370571752C744B6500934A54 /* CHANGELOG.md */ = {isa = PBXFileReference; fileEncoding = 4; lastKnownFileType = net.daringfireball.markdown; path = CHANGELOG.md; sourceTree = "<group>"; };
		370571762C744B6500934A54 /* LICENSE */ = {isa = PBXFileReference; fileEncoding = 4; lastKnownFileType = text; path = LICENSE; sourceTree = "<group>"; };
		370571772C744B6500934A54 /* RiskManager.podspec */ = {isa = PBXFileReference; fileEncoding = 4; lastKnownFileType = text; path = RiskManager.podspec; sourceTree = "<group>"; };
		379DC95D2C882E44002C7522 /* FinBoxRiskManager.entitlements */ = {isa = PBXFileReference; fileEncoding = 4; lastKnownFileType = text.plist.entitlements; path = FinBoxRiskManager.entitlements; sourceTree = "<group>"; };
		6D064F4C2C59F0D200ED466C /* NetworkUtils.swift */ = {isa = PBXFileReference; lastKnownFileType = sourcecode.swift; path = NetworkUtils.swift; sourceTree = "<group>"; };
		6D064F4E2C59F13200ED466C /* UserPreference.swift */ = {isa = PBXFileReference; lastKnownFileType = sourcecode.swift; path = UserPreference.swift; sourceTree = "<group>"; };
		6D064F502C59F19C00ED466C /* APIService.swift */ = {isa = PBXFileReference; lastKnownFileType = sourcecode.swift; path = APIService.swift; sourceTree = "<group>"; };
		6D064F522C5B861400ED466C /* AppDelegate.swift */ = {isa = PBXFileReference; lastKnownFileType = sourcecode.swift; path = AppDelegate.swift; sourceTree = "<group>"; };
		6D37EB402C748CD500769B05 /* LocationManager.swift */ = {isa = PBXFileReference; lastKnownFileType = sourcecode.swift; path = LocationManager.swift; sourceTree = "<group>"; };
		6D4BB66E2C359048000FFB54 /* Info.plist */ = {isa = PBXFileReference; lastKnownFileType = text.plist; path = Info.plist; sourceTree = "<group>"; };
		6D6E99AA2C1321D000B88226 /* DeviceInfoExt.swift */ = {isa = PBXFileReference; lastKnownFileType = sourcecode.swift; path = DeviceInfoExt.swift; sourceTree = "<group>"; };
		6D77F5BC2C3436F0009539F6 /* BackgroundTask.swift */ = {isa = PBXFileReference; lastKnownFileType = sourcecode.swift; path = BackgroundTask.swift; sourceTree = "<group>"; };
		6D77F5C02C345CCA009539F6 /* SyncPref.swift */ = {isa = PBXFileReference; lastKnownFileType = sourcecode.swift; path = SyncPref.swift; sourceTree = "<group>"; };
		6D970E342C6A016C0021A35E /* ErrorCodes.swift */ = {isa = PBXFileReference; lastKnownFileType = sourcecode.swift; path = ErrorCodes.swift; sourceTree = "<group>"; };
		6D970E372C6B8C720021A35E /* AuthClient.swift */ = {isa = PBXFileReference; lastKnownFileType = sourcecode.swift; path = AuthClient.swift; sourceTree = "<group>"; };
		6D970E3A2C6B8CBE0021A35E /* CommonUtil.swift */ = {isa = PBXFileReference; lastKnownFileType = sourcecode.swift; path = CommonUtil.swift; sourceTree = "<group>"; };
		6D970E3D2C6B8CFC0021A35E /* RiskManagerError.swift */ = {isa = PBXFileReference; lastKnownFileType = sourcecode.swift; path = RiskManagerError.swift; sourceTree = "<group>"; };
		6D970E3F2C6B8D3C0021A35E /* PayloadHelper.swift */ = {isa = PBXFileReference; lastKnownFileType = sourcecode.swift; path = PayloadHelper.swift; sourceTree = "<group>"; };
		6D970E422C6B8DA60021A35E /* EncryptPayload.swift */ = {isa = PBXFileReference; lastKnownFileType = sourcecode.swift; path = EncryptPayload.swift; sourceTree = "<group>"; };
		6D970E482C6B8E020021A35E /* CreateUserRequest.swift */ = {isa = PBXFileReference; lastKnownFileType = sourcecode.swift; path = CreateUserRequest.swift; sourceTree = "<group>"; };
		6D970E4B2C6B8E380021A35E /* CreateUserResponse.swift */ = {isa = PBXFileReference; lastKnownFileType = sourcecode.swift; path = CreateUserResponse.swift; sourceTree = "<group>"; };
		6D970E4D2C6B8F9D0021A35E /* FlowData.swift */ = {isa = PBXFileReference; lastKnownFileType = sourcecode.swift; path = FlowData.swift; sourceTree = "<group>"; };
		6D970E4F2C6B95B50021A35E /* FlowDataPref.swift */ = {isa = PBXFileReference; lastKnownFileType = sourcecode.swift; path = FlowDataPref.swift; sourceTree = "<group>"; };
		6D980F512C11912F007525CD /* RiskManager.framework */ = {isa = PBXFileReference; explicitFileType = wrapper.framework; includeInIndex = 0; path = RiskManager.framework; sourceTree = BUILT_PRODUCTS_DIR; };
		6D980F542C11912F007525CD /* RiskManager.h */ = {isa = PBXFileReference; lastKnownFileType = sourcecode.c.h; path = RiskManager.h; sourceTree = "<group>"; };
		6D980F552C11912F007525CD /* RiskManager.docc */ = {isa = PBXFileReference; lastKnownFileType = folder.documentationcatalog; path = RiskManager.docc; sourceTree = "<group>"; };
		6D980F5B2C11912F007525CD /* RiskManagerTests.xctest */ = {isa = PBXFileReference; explicitFileType = wrapper.cfbundle; includeInIndex = 0; path = RiskManagerTests.xctest; sourceTree = BUILT_PRODUCTS_DIR; };
		6D980F602C11912F007525CD /* RiskManagerTests.swift */ = {isa = PBXFileReference; lastKnownFileType = sourcecode.swift; path = RiskManagerTests.swift; sourceTree = "<group>"; };
		6D980F6D2C1194A6007525CD /* DeviceData.swift */ = {isa = PBXFileReference; lastKnownFileType = sourcecode.swift; path = DeviceData.swift; sourceTree = "<group>"; };
		6D980F6F2C119503007525CD /* Constants.swift */ = {isa = PBXFileReference; lastKnownFileType = sourcecode.swift; path = Constants.swift; sourceTree = "<group>"; };
		6D980F712C12D322007525CD /* LocationData.swift */ = {isa = PBXFileReference; lastKnownFileType = sourcecode.swift; path = LocationData.swift; sourceTree = "<group>"; };
		6D9B22E02C132C2700B5F679 /* FinBox.swift */ = {isa = PBXFileReference; lastKnownFileType = sourcecode.swift; path = FinBox.swift; sourceTree = "<group>"; };
		6D9B22E72C132C5B00B5F679 /* FinBoxRiskManager.app */ = {isa = PBXFileReference; explicitFileType = wrapper.application; includeInIndex = 0; path = FinBoxRiskManager.app; sourceTree = BUILT_PRODUCTS_DIR; };
		6D9B22E92C132C5B00B5F679 /* FinBoxRiskManagerApp.swift */ = {isa = PBXFileReference; lastKnownFileType = sourcecode.swift; path = FinBoxRiskManagerApp.swift; sourceTree = "<group>"; };
		6D9B22EB2C132C5B00B5F679 /* ContentView.swift */ = {isa = PBXFileReference; lastKnownFileType = sourcecode.swift; path = ContentView.swift; sourceTree = "<group>"; };
		6D9B22ED2C132C5C00B5F679 /* Assets.xcassets */ = {isa = PBXFileReference; lastKnownFileType = folder.assetcatalog; path = Assets.xcassets; sourceTree = "<group>"; };
		6D9B22F02C132C5C00B5F679 /* Preview Assets.xcassets */ = {isa = PBXFileReference; lastKnownFileType = folder.assetcatalog; path = "Preview Assets.xcassets"; sourceTree = "<group>"; };
		6D9B22FF2C17017C00B5F679 /* LocationManager.swift */ = {isa = PBXFileReference; lastKnownFileType = sourcecode.swift; path = LocationManager.swift; sourceTree = "<group>"; };
/* End PBXFileReference section */

/* Begin PBXFrameworksBuildPhase section */
		6D980F4E2C11912F007525CD /* Frameworks */ = {
			isa = PBXFrameworksBuildPhase;
			buildActionMask = 2147483647;
			files = (
			);
			runOnlyForDeploymentPostprocessing = 0;
		};
		6D980F582C11912F007525CD /* Frameworks */ = {
			isa = PBXFrameworksBuildPhase;
			buildActionMask = 2147483647;
			files = (
				6D980F5C2C11912F007525CD /* RiskManager.framework in Frameworks */,
			);
			runOnlyForDeploymentPostprocessing = 0;
		};
		6D9B22E42C132C5B00B5F679 /* Frameworks */ = {
			isa = PBXFrameworksBuildPhase;
			buildActionMask = 2147483647;
			files = (
				6D9B22FB2C132EC800B5F679 /* RiskManager.framework in Frameworks */,
			);
			runOnlyForDeploymentPostprocessing = 0;
		};
/* End PBXFrameworksBuildPhase section */

/* Begin PBXGroup section */
		370571622C6E769900934A54 /* Model */ = {
			isa = PBXGroup;
			children = (
				370571652C6E76BC00934A54 /* Response */,
				370571642C6E76B600934A54 /* Request */,
			);
			path = Model;
			sourceTree = "<group>";
		};
		370571642C6E76B600934A54 /* Request */ = {
			isa = PBXGroup;
			children = (
				370571682C6E778400934A54 /* LocationModel.swift */,
				3705716A2C6E781D00934A54 /* LocationEntity.swift */,
				3705716C2C6E794C00934A54 /* CommonRequest.swift */,
				3705716E2C6F23CF00934A54 /* BatchData.swift */,
			);
			path = Request;
			sourceTree = "<group>";
		};
		370571652C6E76BC00934A54 /* Response */ = {
			isa = PBXGroup;
			children = (
				370571662C6E76D400934A54 /* LocationResponse.swift */,
			);
			path = Response;
			sourceTree = "<group>";
		};
		370571702C721AE800934A54 /* Model */ = {
			isa = PBXGroup;
			children = (
				370571712C721AF600934A54 /* Request */,
			);
			path = Model;
			sourceTree = "<group>";
		};
		370571712C721AF600934A54 /* Request */ = {
			isa = PBXGroup;
			children = (
				370571722C721B0600934A54 /* DeviceInfo.swift */,
			);
			path = Request;
			sourceTree = "<group>";
		};
		6D064F4B2C59F0C200ED466C /* Network */ = {
			isa = PBXGroup;
			children = (
				6D970E412C6B8D8E0021A35E /* Models */,
				6D064F502C59F19C00ED466C /* APIService.swift */,
				6D064F4C2C59F0D200ED466C /* NetworkUtils.swift */,
				6D970E3F2C6B8D3C0021A35E /* PayloadHelper.swift */,
			);
			path = Network;
			sourceTree = "<group>";
		};
		6D064F672C5BB39000ED466C /* SyncPipeline */ = {
			isa = PBXGroup;
			children = (
			);
			path = SyncPipeline;
			sourceTree = "<group>";
		};
		6D77F5BE2C34371E009539F6 /* BackgroundTask */ = {
			isa = PBXGroup;
			children = (
				6D77F5BC2C3436F0009539F6 /* BackgroundTask.swift */,
			);
			path = BackgroundTask;
			sourceTree = "<group>";
		};
		6D77F5BF2C345BFA009539F6 /* Prefs */ = {
			isa = PBXGroup;
			children = (
				6D77F5C02C345CCA009539F6 /* SyncPref.swift */,
				6D064F4E2C59F13200ED466C /* UserPreference.swift */,
				6D970E4F2C6B95B50021A35E /* FlowDataPref.swift */,
			);
			path = Prefs;
			sourceTree = "<group>";
		};
		6D970E332C6A015F0021A35E /* Enums */ = {
			isa = PBXGroup;
			children = (
				6D970E342C6A016C0021A35E /* ErrorCodes.swift */,
			);
			path = Enums;
			sourceTree = "<group>";
		};
		6D970E362C6B8C5A0021A35E /* Auth */ = {
			isa = PBXGroup;
			children = (
				6D970E372C6B8C720021A35E /* AuthClient.swift */,
			);
			path = Auth;
			sourceTree = "<group>";
		};
		6D970E392C6B8CAF0021A35E /* Utils */ = {
			isa = PBXGroup;
			children = (
				6D970E3A2C6B8CBE0021A35E /* CommonUtil.swift */,
			);
			path = Utils;
			sourceTree = "<group>";
		};
		6D970E3C2C6B8CE70021A35E /* Errors */ = {
			isa = PBXGroup;
			children = (
				6D970E3D2C6B8CFC0021A35E /* RiskManagerError.swift */,
			);
			path = Errors;
			sourceTree = "<group>";
		};
		6D970E412C6B8D8E0021A35E /* Models */ = {
			isa = PBXGroup;
			children = (
				6D970E422C6B8DA60021A35E /* EncryptPayload.swift */,
			);
			path = Models;
			sourceTree = "<group>";
		};
		6D970E442C6B8DCE0021A35E /* Create */ = {
			isa = PBXGroup;
			children = (
				6D970E452C6B8DD30021A35E /* Models */,
			);
			path = Create;
			sourceTree = "<group>";
		};
		6D970E452C6B8DD30021A35E /* Models */ = {
			isa = PBXGroup;
			children = (
				6D970E462C6B8DDD0021A35E /* Request */,
				6D970E4A2C6B8E180021A35E /* Response */,
			);
			path = Models;
			sourceTree = "<group>";
		};
		6D970E462C6B8DDD0021A35E /* Request */ = {
			isa = PBXGroup;
			children = (
				6D970E482C6B8E020021A35E /* CreateUserRequest.swift */,
			);
			path = Request;
			sourceTree = "<group>";
		};
		6D970E4A2C6B8E180021A35E /* Response */ = {
			isa = PBXGroup;
			children = (
				6D970E4B2C6B8E380021A35E /* CreateUserResponse.swift */,
				6D970E4D2C6B8F9D0021A35E /* FlowData.swift */,
			);
			path = Response;
			sourceTree = "<group>";
		};
		6D980F472C11912F007525CD = {
			isa = PBXGroup;
			children = (
				375477F72C789637006B0619 /* Package.swift */,
				370571752C744B6500934A54 /* CHANGELOG.md */,
				370571762C744B6500934A54 /* LICENSE */,
				370571742C744B6500934A54 /* README.md */,
				370571772C744B6500934A54 /* RiskManager.podspec */,
				6D980F532C11912F007525CD /* RiskManager */,
				6D980F5F2C11912F007525CD /* RiskManagerTests */,
				6D9B22E82C132C5B00B5F679 /* FinBoxRiskManager */,
				6D980F522C11912F007525CD /* Products */,
				6D9B22F52C132DDF00B5F679 /* Frameworks */,
			);
			sourceTree = "<group>";
		};
		6D980F522C11912F007525CD /* Products */ = {
			isa = PBXGroup;
			children = (
				6D980F512C11912F007525CD /* RiskManager.framework */,
				6D980F5B2C11912F007525CD /* RiskManagerTests.xctest */,
				6D9B22E72C132C5B00B5F679 /* FinBoxRiskManager.app */,
			);
			name = Products;
			sourceTree = "<group>";
		};
		6D980F532C11912F007525CD /* RiskManager */ = {
			isa = PBXGroup;
			children = (
				6D970E442C6B8DCE0021A35E /* Create */,
				6D970E3C2C6B8CE70021A35E /* Errors */,
				6D970E392C6B8CAF0021A35E /* Utils */,
				6D970E362C6B8C5A0021A35E /* Auth */,
				6D970E332C6A015F0021A35E /* Enums */,
				6D064F672C5BB39000ED466C /* SyncPipeline */,
				6D064F4B2C59F0C200ED466C /* Network */,
				6D77F5BF2C345BFA009539F6 /* Prefs */,
				6D77F5BE2C34371E009539F6 /* BackgroundTask */,
				6D9B22E22C132C2F00B5F679 /* Constants */,
				6D980F6C2C11942A007525CD /* LocationData */,
				6D980F6B2C1193B2007525CD /* DeviceData */,
				6D980F542C11912F007525CD /* RiskManager.h */,
				6D980F552C11912F007525CD /* RiskManager.docc */,
				6D9B22E02C132C2700B5F679 /* FinBox.swift */,
			);
			path = RiskManager;
			sourceTree = "<group>";
		};
		6D980F5F2C11912F007525CD /* RiskManagerTests */ = {
			isa = PBXGroup;
			children = (
				6D980F602C11912F007525CD /* RiskManagerTests.swift */,
			);
			path = RiskManagerTests;
			sourceTree = "<group>";
		};
		6D980F6B2C1193B2007525CD /* DeviceData */ = {
			isa = PBXGroup;
			children = (
				370571702C721AE800934A54 /* Model */,
				6D980F6D2C1194A6007525CD /* DeviceData.swift */,
				6D6E99AA2C1321D000B88226 /* DeviceInfoExt.swift */,
			);
			path = DeviceData;
			sourceTree = "<group>";
		};
		6D980F6C2C11942A007525CD /* LocationData */ = {
			isa = PBXGroup;
			children = (
				370571622C6E769900934A54 /* Model */,
				6D980F712C12D322007525CD /* LocationData.swift */,
				6D9B22FF2C17017C00B5F679 /* LocationManager.swift */,
			);
			path = LocationData;
			sourceTree = "<group>";
		};
		6D9B22E22C132C2F00B5F679 /* Constants */ = {
			isa = PBXGroup;
			children = (
				6D980F6F2C119503007525CD /* Constants.swift */,
			);
			path = Constants;
			sourceTree = "<group>";
		};
		6D9B22E82C132C5B00B5F679 /* FinBoxRiskManager */ = {
			isa = PBXGroup;
			children = (
				379DC95D2C882E44002C7522 /* FinBoxRiskManager.entitlements */,
				6D4BB66E2C359048000FFB54 /* Info.plist */,
				6D9B22E92C132C5B00B5F679 /* FinBoxRiskManagerApp.swift */,
				6D9B22EB2C132C5B00B5F679 /* ContentView.swift */,
				6D9B22ED2C132C5C00B5F679 /* Assets.xcassets */,
				6D9B22EF2C132C5C00B5F679 /* Preview Content */,
				6D064F522C5B861400ED466C /* AppDelegate.swift */,
				6D37EB402C748CD500769B05 /* LocationManager.swift */,
			);
			path = FinBoxRiskManager;
			sourceTree = "<group>";
		};
		6D9B22EF2C132C5C00B5F679 /* Preview Content */ = {
			isa = PBXGroup;
			children = (
				6D9B22F02C132C5C00B5F679 /* Preview Assets.xcassets */,
			);
			path = "Preview Content";
			sourceTree = "<group>";
		};
		6D9B22F52C132DDF00B5F679 /* Frameworks */ = {
			isa = PBXGroup;
			children = (
			);
			name = Frameworks;
			sourceTree = "<group>";
		};
/* End PBXGroup section */

/* Begin PBXHeadersBuildPhase section */
		6D980F4C2C11912F007525CD /* Headers */ = {
			isa = PBXHeadersBuildPhase;
			buildActionMask = 2147483647;
			files = (
				6D980F622C11912F007525CD /* RiskManager.h in Headers */,
			);
			runOnlyForDeploymentPostprocessing = 0;
		};
/* End PBXHeadersBuildPhase section */

/* Begin PBXNativeTarget section */
		6D980F502C11912F007525CD /* RiskManager */ = {
			isa = PBXNativeTarget;
			buildConfigurationList = 6D980F652C11912F007525CD /* Build configuration list for PBXNativeTarget "RiskManager" */;
			buildPhases = (
				6D980F4C2C11912F007525CD /* Headers */,
				6D980F4D2C11912F007525CD /* Sources */,
				6D980F4E2C11912F007525CD /* Frameworks */,
				6D980F4F2C11912F007525CD /* Resources */,
			);
			buildRules = (
			);
			dependencies = (
			);
			name = RiskManager;
			productName = RiskManager;
			productReference = 6D980F512C11912F007525CD /* RiskManager.framework */;
			productType = "com.apple.product-type.framework";
		};
		6D980F5A2C11912F007525CD /* RiskManagerTests */ = {
			isa = PBXNativeTarget;
			buildConfigurationList = 6D980F682C11912F007525CD /* Build configuration list for PBXNativeTarget "RiskManagerTests" */;
			buildPhases = (
				6D980F572C11912F007525CD /* Sources */,
				6D980F582C11912F007525CD /* Frameworks */,
				6D980F592C11912F007525CD /* Resources */,
			);
			buildRules = (
			);
			dependencies = (
				6D980F5E2C11912F007525CD /* PBXTargetDependency */,
			);
			name = RiskManagerTests;
			productName = RiskManagerTests;
			productReference = 6D980F5B2C11912F007525CD /* RiskManagerTests.xctest */;
			productType = "com.apple.product-type.bundle.unit-test";
		};
		6D9B22E62C132C5B00B5F679 /* FinBoxRiskManager */ = {
			isa = PBXNativeTarget;
			buildConfigurationList = 6D9B22F22C132C5C00B5F679 /* Build configuration list for PBXNativeTarget "FinBoxRiskManager" */;
			buildPhases = (
				6D9B22E32C132C5B00B5F679 /* Sources */,
				6D9B22E42C132C5B00B5F679 /* Frameworks */,
				6D9B22E52C132C5B00B5F679 /* Resources */,
				6D9B22FD2C132EC800B5F679 /* Embed Frameworks */,
			);
			buildRules = (
			);
			dependencies = (
				6D9B22F92C132DDF00B5F679 /* PBXTargetDependency */,
			);
			name = FinBoxRiskManager;
			productName = FinBoxRiskManager;
			productReference = 6D9B22E72C132C5B00B5F679 /* FinBoxRiskManager.app */;
			productType = "com.apple.product-type.application";
		};
/* End PBXNativeTarget section */

/* Begin PBXProject section */
		6D980F482C11912F007525CD /* Project object */ = {
			isa = PBXProject;
			attributes = {
				BuildIndependentTargetsInParallel = 1;
				LastSwiftUpdateCheck = 1500;
				LastUpgradeCheck = 1500;
				TargetAttributes = {
					6D980F502C11912F007525CD = {
						CreatedOnToolsVersion = 15.0;
					};
					6D980F5A2C11912F007525CD = {
						CreatedOnToolsVersion = 15.0;
					};
					6D9B22E62C132C5B00B5F679 = {
						CreatedOnToolsVersion = 15.0;
					};
				};
			};
			buildConfigurationList = 6D980F4B2C11912F007525CD /* Build configuration list for PBXProject "RiskManager" */;
			compatibilityVersion = "Xcode 14.0";
			developmentRegion = en;
			hasScannedForEncodings = 0;
			knownRegions = (
				en,
				Base,
			);
			mainGroup = 6D980F472C11912F007525CD;
			productRefGroup = 6D980F522C11912F007525CD /* Products */;
			projectDirPath = "";
			projectRoot = "";
			targets = (
				6D980F502C11912F007525CD /* RiskManager */,
				6D980F5A2C11912F007525CD /* RiskManagerTests */,
				6D9B22E62C132C5B00B5F679 /* FinBoxRiskManager */,
			);
		};
/* End PBXProject section */

/* Begin PBXResourcesBuildPhase section */
		6D980F4F2C11912F007525CD /* Resources */ = {
			isa = PBXResourcesBuildPhase;
			buildActionMask = 2147483647;
			files = (
				3705717A2C744B6500934A54 /* LICENSE in Resources */,
				370571782C744B6500934A54 /* README.md in Resources */,
				370571792C744B6500934A54 /* CHANGELOG.md in Resources */,
				3705717B2C744B6500934A54 /* RiskManager.podspec in Resources */,
			);
			runOnlyForDeploymentPostprocessing = 0;
		};
		6D980F592C11912F007525CD /* Resources */ = {
			isa = PBXResourcesBuildPhase;
			buildActionMask = 2147483647;
			files = (
			);
			runOnlyForDeploymentPostprocessing = 0;
		};
		6D9B22E52C132C5B00B5F679 /* Resources */ = {
			isa = PBXResourcesBuildPhase;
			buildActionMask = 2147483647;
			files = (
				6D9B22F12C132C5C00B5F679 /* Preview Assets.xcassets in Resources */,
				6D9B22EE2C132C5C00B5F679 /* Assets.xcassets in Resources */,
			);
			runOnlyForDeploymentPostprocessing = 0;
		};
/* End PBXResourcesBuildPhase section */

/* Begin PBXSourcesBuildPhase section */
		6D980F4D2C11912F007525CD /* Sources */ = {
			isa = PBXSourcesBuildPhase;
			buildActionMask = 2147483647;
			files = (
				6D970E382C6B8C720021A35E /* AuthClient.swift in Sources */,
				6D980F722C12D322007525CD /* LocationData.swift in Sources */,
				6D980F562C11912F007525CD /* RiskManager.docc in Sources */,
				6D064F4D2C59F0D200ED466C /* NetworkUtils.swift in Sources */,
				6D970E4E2C6B8F9D0021A35E /* FlowData.swift in Sources */,
				375477F82C789637006B0619 /* Package.swift in Sources */,
				6D980F6E2C1194A6007525CD /* DeviceData.swift in Sources */,
				6D970E502C6B95B50021A35E /* FlowDataPref.swift in Sources */,
				370571732C721B0600934A54 /* DeviceInfo.swift in Sources */,
				6D9B23002C17017C00B5F679 /* LocationManager.swift in Sources */,
				6D9B22E12C132C2700B5F679 /* FinBox.swift in Sources */,
				6D77F5BD2C3436F0009539F6 /* BackgroundTask.swift in Sources */,
				6D970E492C6B8E020021A35E /* CreateUserRequest.swift in Sources */,
				6D970E432C6B8DA60021A35E /* EncryptPayload.swift in Sources */,
				6D970E3B2C6B8CBE0021A35E /* CommonUtil.swift in Sources */,
				3705716B2C6E781D00934A54 /* LocationEntity.swift in Sources */,
				6D970E352C6A016C0021A35E /* ErrorCodes.swift in Sources */,
				6D980F702C119503007525CD /* Constants.swift in Sources */,
				6D970E4C2C6B8E380021A35E /* CreateUserResponse.swift in Sources */,
				370571692C6E778400934A54 /* LocationModel.swift in Sources */,
				370571672C6E76D400934A54 /* LocationResponse.swift in Sources */,
				6D064F4F2C59F13200ED466C /* UserPreference.swift in Sources */,
				3705716D2C6E794C00934A54 /* CommonRequest.swift in Sources */,
				6D77F5C12C345CCA009539F6 /* SyncPref.swift in Sources */,
				6D064F512C59F19C00ED466C /* APIService.swift in Sources */,
				3705716F2C6F23CF00934A54 /* BatchData.swift in Sources */,
				6D6E99AB2C1321D000B88226 /* DeviceInfoExt.swift in Sources */,
				6D970E3E2C6B8CFC0021A35E /* RiskManagerError.swift in Sources */,
				6D970E402C6B8D3C0021A35E /* PayloadHelper.swift in Sources */,
			);
			runOnlyForDeploymentPostprocessing = 0;
		};
		6D980F572C11912F007525CD /* Sources */ = {
			isa = PBXSourcesBuildPhase;
			buildActionMask = 2147483647;
			files = (
				6D980F612C11912F007525CD /* RiskManagerTests.swift in Sources */,
			);
			runOnlyForDeploymentPostprocessing = 0;
		};
		6D9B22E32C132C5B00B5F679 /* Sources */ = {
			isa = PBXSourcesBuildPhase;
			buildActionMask = 2147483647;
			files = (
				6D37EB412C748CD500769B05 /* LocationManager.swift in Sources */,
				6D064F532C5B861400ED466C /* AppDelegate.swift in Sources */,
				6D9B22EC2C132C5B00B5F679 /* ContentView.swift in Sources */,
				6D9B22EA2C132C5B00B5F679 /* FinBoxRiskManagerApp.swift in Sources */,
			);
			runOnlyForDeploymentPostprocessing = 0;
		};
/* End PBXSourcesBuildPhase section */

/* Begin PBXTargetDependency section */
		6D980F5E2C11912F007525CD /* PBXTargetDependency */ = {
			isa = PBXTargetDependency;
			target = 6D980F502C11912F007525CD /* RiskManager */;
			targetProxy = 6D980F5D2C11912F007525CD /* PBXContainerItemProxy */;
		};
		6D9B22F92C132DDF00B5F679 /* PBXTargetDependency */ = {
			isa = PBXTargetDependency;
			target = 6D980F502C11912F007525CD /* RiskManager */;
			targetProxy = 6D9B22F82C132DDF00B5F679 /* PBXContainerItemProxy */;
		};
/* End PBXTargetDependency section */

/* Begin XCBuildConfiguration section */
		6D980F632C11912F007525CD /* Debug */ = {
			isa = XCBuildConfiguration;
			buildSettings = {
				ALWAYS_SEARCH_USER_PATHS = NO;
				ASSETCATALOG_COMPILER_GENERATE_SWIFT_ASSET_SYMBOL_EXTENSIONS = YES;
				CLANG_ANALYZER_NONNULL = YES;
				CLANG_ANALYZER_NUMBER_OBJECT_CONVERSION = YES_AGGRESSIVE;
				CLANG_CXX_LANGUAGE_STANDARD = "gnu++20";
				CLANG_ENABLE_MODULES = YES;
				CLANG_ENABLE_OBJC_ARC = YES;
				CLANG_ENABLE_OBJC_WEAK = YES;
				CLANG_WARN_BLOCK_CAPTURE_AUTORELEASING = YES;
				CLANG_WARN_BOOL_CONVERSION = YES;
				CLANG_WARN_COMMA = YES;
				CLANG_WARN_CONSTANT_CONVERSION = YES;
				CLANG_WARN_DEPRECATED_OBJC_IMPLEMENTATIONS = YES;
				CLANG_WARN_DIRECT_OBJC_ISA_USAGE = YES_ERROR;
				CLANG_WARN_DOCUMENTATION_COMMENTS = YES;
				CLANG_WARN_EMPTY_BODY = YES;
				CLANG_WARN_ENUM_CONVERSION = YES;
				CLANG_WARN_INFINITE_RECURSION = YES;
				CLANG_WARN_INT_CONVERSION = YES;
				CLANG_WARN_NON_LITERAL_NULL_CONVERSION = YES;
				CLANG_WARN_OBJC_IMPLICIT_RETAIN_SELF = YES;
				CLANG_WARN_OBJC_LITERAL_CONVERSION = YES;
				CLANG_WARN_OBJC_ROOT_CLASS = YES_ERROR;
				CLANG_WARN_QUOTED_INCLUDE_IN_FRAMEWORK_HEADER = YES;
				CLANG_WARN_RANGE_LOOP_ANALYSIS = YES;
				CLANG_WARN_STRICT_PROTOTYPES = YES;
				CLANG_WARN_SUSPICIOUS_MOVE = YES;
				CLANG_WARN_UNGUARDED_AVAILABILITY = YES_AGGRESSIVE;
				CLANG_WARN_UNREACHABLE_CODE = YES;
				CLANG_WARN__DUPLICATE_METHOD_MATCH = YES;
				COPY_PHASE_STRIP = NO;
				CURRENT_PROJECT_VERSION = 1;
				DEBUG_INFORMATION_FORMAT = dwarf;
				ENABLE_STRICT_OBJC_MSGSEND = YES;
				ENABLE_TESTABILITY = YES;
				ENABLE_USER_SCRIPT_SANDBOXING = YES;
				GCC_C_LANGUAGE_STANDARD = gnu17;
				GCC_DYNAMIC_NO_PIC = NO;
				GCC_NO_COMMON_BLOCKS = YES;
				GCC_OPTIMIZATION_LEVEL = 0;
				GCC_PREPROCESSOR_DEFINITIONS = (
					"DEBUG=1",
					"$(inherited)",
				);
				GCC_WARN_64_TO_32_BIT_CONVERSION = YES;
				GCC_WARN_ABOUT_RETURN_TYPE = YES_ERROR;
				GCC_WARN_UNDECLARED_SELECTOR = YES;
				GCC_WARN_UNINITIALIZED_AUTOS = YES_AGGRESSIVE;
				GCC_WARN_UNUSED_FUNCTION = YES;
				GCC_WARN_UNUSED_VARIABLE = YES;
				IPHONEOS_DEPLOYMENT_TARGET = 14.0;
				LOCALIZATION_PREFERS_STRING_CATALOGS = YES;
				MTL_ENABLE_DEBUG_INFO = INCLUDE_SOURCE;
				MTL_FAST_MATH = YES;
				ONLY_ACTIVE_ARCH = YES;
				SDKROOT = iphoneos;
				SDK_VERSION_NAME = 0.2.4;
				SWIFT_ACTIVE_COMPILATION_CONDITIONS = "DEBUG $(inherited)";
				SWIFT_OPTIMIZATION_LEVEL = "-Onone";
				VERSIONING_SYSTEM = "apple-generic";
				VERSION_INFO_PREFIX = "";
			};
			name = Debug;
		};
		6D980F642C11912F007525CD /* Release */ = {
			isa = XCBuildConfiguration;
			buildSettings = {
				ALWAYS_SEARCH_USER_PATHS = NO;
				ASSETCATALOG_COMPILER_GENERATE_SWIFT_ASSET_SYMBOL_EXTENSIONS = YES;
				CLANG_ANALYZER_NONNULL = YES;
				CLANG_ANALYZER_NUMBER_OBJECT_CONVERSION = YES_AGGRESSIVE;
				CLANG_CXX_LANGUAGE_STANDARD = "gnu++20";
				CLANG_ENABLE_MODULES = YES;
				CLANG_ENABLE_OBJC_ARC = YES;
				CLANG_ENABLE_OBJC_WEAK = YES;
				CLANG_WARN_BLOCK_CAPTURE_AUTORELEASING = YES;
				CLANG_WARN_BOOL_CONVERSION = YES;
				CLANG_WARN_COMMA = YES;
				CLANG_WARN_CONSTANT_CONVERSION = YES;
				CLANG_WARN_DEPRECATED_OBJC_IMPLEMENTATIONS = YES;
				CLANG_WARN_DIRECT_OBJC_ISA_USAGE = YES_ERROR;
				CLANG_WARN_DOCUMENTATION_COMMENTS = YES;
				CLANG_WARN_EMPTY_BODY = YES;
				CLANG_WARN_ENUM_CONVERSION = YES;
				CLANG_WARN_INFINITE_RECURSION = YES;
				CLANG_WARN_INT_CONVERSION = YES;
				CLANG_WARN_NON_LITERAL_NULL_CONVERSION = YES;
				CLANG_WARN_OBJC_IMPLICIT_RETAIN_SELF = YES;
				CLANG_WARN_OBJC_LITERAL_CONVERSION = YES;
				CLANG_WARN_OBJC_ROOT_CLASS = YES_ERROR;
				CLANG_WARN_QUOTED_INCLUDE_IN_FRAMEWORK_HEADER = YES;
				CLANG_WARN_RANGE_LOOP_ANALYSIS = YES;
				CLANG_WARN_STRICT_PROTOTYPES = YES;
				CLANG_WARN_SUSPICIOUS_MOVE = YES;
				CLANG_WARN_UNGUARDED_AVAILABILITY = YES_AGGRESSIVE;
				CLANG_WARN_UNREACHABLE_CODE = YES;
				CLANG_WARN__DUPLICATE_METHOD_MATCH = YES;
				COPY_PHASE_STRIP = NO;
				CURRENT_PROJECT_VERSION = 1;
				DEBUG_INFORMATION_FORMAT = "dwarf-with-dsym";
				ENABLE_NS_ASSERTIONS = NO;
				ENABLE_STRICT_OBJC_MSGSEND = YES;
				ENABLE_USER_SCRIPT_SANDBOXING = YES;
				GCC_C_LANGUAGE_STANDARD = gnu17;
				GCC_NO_COMMON_BLOCKS = YES;
				GCC_WARN_64_TO_32_BIT_CONVERSION = YES;
				GCC_WARN_ABOUT_RETURN_TYPE = YES_ERROR;
				GCC_WARN_UNDECLARED_SELECTOR = YES;
				GCC_WARN_UNINITIALIZED_AUTOS = YES_AGGRESSIVE;
				GCC_WARN_UNUSED_FUNCTION = YES;
				GCC_WARN_UNUSED_VARIABLE = YES;
				IPHONEOS_DEPLOYMENT_TARGET = 14.0;
				LOCALIZATION_PREFERS_STRING_CATALOGS = YES;
				MTL_ENABLE_DEBUG_INFO = NO;
				MTL_FAST_MATH = YES;
				SDKROOT = iphoneos;
				SDK_VERSION_NAME = 0.2.4;
				SWIFT_COMPILATION_MODE = wholemodule;
				VALIDATE_PRODUCT = YES;
				VERSIONING_SYSTEM = "apple-generic";
				VERSION_INFO_PREFIX = "";
			};
			name = Release;
		};
		6D980F662C11912F007525CD /* Debug */ = {
			isa = XCBuildConfiguration;
			buildSettings = {
				CODE_SIGN_STYLE = Automatic;
				CURRENT_PROJECT_VERSION = 2;
				DEFINES_MODULE = YES;
				DEVELOPMENT_TEAM = 46F33UJL5U;
				DYLIB_COMPATIBILITY_VERSION = 1;
				DYLIB_CURRENT_VERSION = 1;
				DYLIB_INSTALL_NAME_BASE = "@rpath";
				ENABLE_MODULE_VERIFIER = YES;
				GENERATE_INFOPLIST_FILE = YES;
				INFOPLIST_KEY_NSHumanReadableCopyright = "";
				INSTALL_PATH = "$(LOCAL_LIBRARY_DIR)/Frameworks";
				IPHONEOS_DEPLOYMENT_TARGET = 14.0;
				LD_RUNPATH_SEARCH_PATHS = (
					"$(inherited)",
					"@executable_path/Frameworks",
					"@loader_path/Frameworks",
				);
				MARKETING_VERSION = 0.2.4;
				MODULE_VERIFIER_SUPPORTED_LANGUAGES = "objective-c objective-c++";
				MODULE_VERIFIER_SUPPORTED_LANGUAGE_STANDARDS = "gnu17 gnu++20";
				PRODUCT_BUNDLE_IDENTIFIER = in.finbox.RiskManager;
				PRODUCT_NAME = "$(TARGET_NAME:c99extidentifier)";
				SKIP_INSTALL = YES;
				SWIFT_EMIT_LOC_STRINGS = YES;
				SWIFT_VERSION = 5.0;
				TARGETED_DEVICE_FAMILY = "1,2";
			};
			name = Debug;
		};
		6D980F672C11912F007525CD /* Release */ = {
			isa = XCBuildConfiguration;
			buildSettings = {
				CODE_SIGN_STYLE = Automatic;
				CURRENT_PROJECT_VERSION = 2;
				DEFINES_MODULE = YES;
				DEVELOPMENT_TEAM = 46F33UJL5U;
				DYLIB_COMPATIBILITY_VERSION = 1;
				DYLIB_CURRENT_VERSION = 1;
				DYLIB_INSTALL_NAME_BASE = "@rpath";
				ENABLE_MODULE_VERIFIER = YES;
				GENERATE_INFOPLIST_FILE = YES;
				INFOPLIST_KEY_NSHumanReadableCopyright = "";
				INSTALL_PATH = "$(LOCAL_LIBRARY_DIR)/Frameworks";
				IPHONEOS_DEPLOYMENT_TARGET = 14.0;
				LD_RUNPATH_SEARCH_PATHS = (
					"$(inherited)",
					"@executable_path/Frameworks",
					"@loader_path/Frameworks",
				);
				MARKETING_VERSION = 0.2.4;
				MODULE_VERIFIER_SUPPORTED_LANGUAGES = "objective-c objective-c++";
				MODULE_VERIFIER_SUPPORTED_LANGUAGE_STANDARDS = "gnu17 gnu++20";
				PRODUCT_BUNDLE_IDENTIFIER = in.finbox.RiskManager;
				PRODUCT_NAME = "$(TARGET_NAME:c99extidentifier)";
				SKIP_INSTALL = YES;
				SWIFT_EMIT_LOC_STRINGS = YES;
				SWIFT_VERSION = 5.0;
				TARGETED_DEVICE_FAMILY = "1,2";
			};
			name = Release;
		};
		6D980F692C11912F007525CD /* Debug */ = {
			isa = XCBuildConfiguration;
			buildSettings = {
				ALWAYS_EMBED_SWIFT_STANDARD_LIBRARIES = YES;
				CODE_SIGN_STYLE = Automatic;
				CURRENT_PROJECT_VERSION = 1;
				DEVELOPMENT_TEAM = 46F33UJL5U;
				GENERATE_INFOPLIST_FILE = YES;
				MARKETING_VERSION = 1.0;
				PRODUCT_BUNDLE_IDENTIFIER = in.finbox.RiskManagerTests;
				PRODUCT_NAME = "$(TARGET_NAME)";
				SWIFT_EMIT_LOC_STRINGS = NO;
				SWIFT_VERSION = 5.0;
				TARGETED_DEVICE_FAMILY = "1,2";
			};
			name = Debug;
		};
		6D980F6A2C11912F007525CD /* Release */ = {
			isa = XCBuildConfiguration;
			buildSettings = {
				ALWAYS_EMBED_SWIFT_STANDARD_LIBRARIES = YES;
				CODE_SIGN_STYLE = Automatic;
				CURRENT_PROJECT_VERSION = 1;
				DEVELOPMENT_TEAM = 46F33UJL5U;
				GENERATE_INFOPLIST_FILE = YES;
				MARKETING_VERSION = 1.0;
				PRODUCT_BUNDLE_IDENTIFIER = in.finbox.RiskManagerTests;
				PRODUCT_NAME = "$(TARGET_NAME)";
				SWIFT_EMIT_LOC_STRINGS = NO;
				SWIFT_VERSION = 5.0;
				TARGETED_DEVICE_FAMILY = "1,2";
			};
			name = Release;
		};
		6D9B22F32C132C5C00B5F679 /* Debug */ = {
			isa = XCBuildConfiguration;
			buildSettings = {
				ASSETCATALOG_COMPILER_APPICON_NAME = AppIcon;
				ASSETCATALOG_COMPILER_GLOBAL_ACCENT_COLOR_NAME = AccentColor;
				ASSETCATALOG_COMPILER_INCLUDE_ALL_APPICON_ASSETS = NO;
				CODE_SIGN_ENTITLEMENTS = FinBoxRiskManager/FinBoxRiskManager.entitlements;
				CODE_SIGN_STYLE = Automatic;
				CURRENT_PROJECT_VERSION = 2;
				DEVELOPMENT_ASSET_PATHS = "\"FinBoxRiskManager/Preview Content\"";
				DEVELOPMENT_TEAM = 46F33UJL5U;
				ENABLE_PREVIEWS = YES;
				GENERATE_INFOPLIST_FILE = YES;
				INFOPLIST_FILE = FinBoxRiskManager/Info.plist;
				INFOPLIST_KEY_NSLocationAlwaysUsageDescription = "Application requires Location for Assessing Creditworthiness";
				INFOPLIST_KEY_NSLocationWhenInUseUsageDescription = "Application requires Location for Assessing Creditworthiness";
				INFOPLIST_KEY_NSUserTrackingUsageDescription = "Application requires Advertising ID for Risk assessment";
				INFOPLIST_KEY_UIApplicationSceneManifest_Generation = YES;
				INFOPLIST_KEY_UIApplicationSupportsIndirectInputEvents = YES;
				INFOPLIST_KEY_UILaunchScreen_Generation = YES;
				INFOPLIST_KEY_UILaunchStoryboardName = "";
				INFOPLIST_KEY_UISupportedInterfaceOrientations_iPad = "UIInterfaceOrientationPortrait UIInterfaceOrientationPortraitUpsideDown UIInterfaceOrientationLandscapeLeft UIInterfaceOrientationLandscapeRight";
				INFOPLIST_KEY_UISupportedInterfaceOrientations_iPhone = "UIInterfaceOrientationPortrait UIInterfaceOrientationLandscapeLeft UIInterfaceOrientationLandscapeRight";
				LD_RUNPATH_SEARCH_PATHS = (
					"$(inherited)",
					"@executable_path/Frameworks",
				);
				MARKETING_VERSION = 1.0.1;
				PRODUCT_BUNDLE_IDENTIFIER = in.finbox.FinBoxRiskManager;
				PRODUCT_NAME = "$(TARGET_NAME)";
				SWIFT_EMIT_LOC_STRINGS = YES;
				SWIFT_VERSION = 5.0;
				TARGETED_DEVICE_FAMILY = "1,2";
			};
			name = Debug;
		};
		6D9B22F42C132C5C00B5F679 /* Release */ = {
			isa = XCBuildConfiguration;
			buildSettings = {
				ASSETCATALOG_COMPILER_APPICON_NAME = AppIcon;
				ASSETCATALOG_COMPILER_GLOBAL_ACCENT_COLOR_NAME = AccentColor;
				ASSETCATALOG_COMPILER_INCLUDE_ALL_APPICON_ASSETS = NO;
				CODE_SIGN_ENTITLEMENTS = FinBoxRiskManager/FinBoxRiskManager.entitlements;
				CODE_SIGN_STYLE = Automatic;
				CURRENT_PROJECT_VERSION = 2;
				DEVELOPMENT_ASSET_PATHS = "\"FinBoxRiskManager/Preview Content\"";
				DEVELOPMENT_TEAM = 46F33UJL5U;
				ENABLE_PREVIEWS = YES;
				GENERATE_INFOPLIST_FILE = YES;
				INFOPLIST_FILE = FinBoxRiskManager/Info.plist;
				INFOPLIST_KEY_NSLocationAlwaysUsageDescription = "Application requires Location for Assessing Creditworthiness";
				INFOPLIST_KEY_NSLocationWhenInUseUsageDescription = "Application requires Location for Assessing Creditworthiness";
				INFOPLIST_KEY_NSUserTrackingUsageDescription = "Application requires Advertising ID for Risk assessment";
				INFOPLIST_KEY_UIApplicationSceneManifest_Generation = YES;
				INFOPLIST_KEY_UIApplicationSupportsIndirectInputEvents = YES;
				INFOPLIST_KEY_UILaunchScreen_Generation = YES;
				INFOPLIST_KEY_UILaunchStoryboardName = "";
				INFOPLIST_KEY_UISupportedInterfaceOrientations_iPad = "UIInterfaceOrientationPortrait UIInterfaceOrientationPortraitUpsideDown UIInterfaceOrientationLandscapeLeft UIInterfaceOrientationLandscapeRight";
				INFOPLIST_KEY_UISupportedInterfaceOrientations_iPhone = "UIInterfaceOrientationPortrait UIInterfaceOrientationLandscapeLeft UIInterfaceOrientationLandscapeRight";
				LD_RUNPATH_SEARCH_PATHS = (
					"$(inherited)",
					"@executable_path/Frameworks",
				);
				MARKETING_VERSION = 1.0.1;
				PRODUCT_BUNDLE_IDENTIFIER = in.finbox.FinBoxRiskManager;
				PRODUCT_NAME = "$(TARGET_NAME)";
				SWIFT_EMIT_LOC_STRINGS = YES;
				SWIFT_VERSION = 5.0;
				TARGETED_DEVICE_FAMILY = "1,2";
			};
			name = Release;
		};
/* End XCBuildConfiguration section */

/* Begin XCConfigurationList section */
		6D980F4B2C11912F007525CD /* Build configuration list for PBXProject "RiskManager" */ = {
			isa = XCConfigurationList;
			buildConfigurations = (
				6D980F632C11912F007525CD /* Debug */,
				6D980F642C11912F007525CD /* Release */,
			);
			defaultConfigurationIsVisible = 0;
			defaultConfigurationName = Release;
		};
		6D980F652C11912F007525CD /* Build configuration list for PBXNativeTarget "RiskManager" */ = {
			isa = XCConfigurationList;
			buildConfigurations = (
				6D980F662C11912F007525CD /* Debug */,
				6D980F672C11912F007525CD /* Release */,
			);
			defaultConfigurationIsVisible = 0;
			defaultConfigurationName = Release;
		};
		6D980F682C11912F007525CD /* Build configuration list for PBXNativeTarget "RiskManagerTests" */ = {
			isa = XCConfigurationList;
			buildConfigurations = (
				6D980F692C11912F007525CD /* Debug */,
				6D980F6A2C11912F007525CD /* Release */,
			);
			defaultConfigurationIsVisible = 0;
			defaultConfigurationName = Release;
		};
		6D9B22F22C132C5C00B5F679 /* Build configuration list for PBXNativeTarget "FinBoxRiskManager" */ = {
			isa = XCConfigurationList;
			buildConfigurations = (
				6D9B22F32C132C5C00B5F679 /* Debug */,
				6D9B22F42C132C5C00B5F679 /* Release */,
			);
			defaultConfigurationIsVisible = 0;
			defaultConfigurationName = Release;
		};
/* End XCConfigurationList section */
	};
	rootObject = 6D980F482C11912F007525CD /* Project object */;
}
